
Microsoft Visual Studio Solution File, Format Version 12.00
# Visual Studio 2015
Project("{FAE04EC0-301F-11D3-BF4B-00C04F79EFBC}") = "Music_Editor.CSharp", "Music_Editor.CSharp.csproj", "{F50650B7-0DDE-B19D-FF7E-8130ED5C3264}"
EndProject
Global
	GlobalSection(SolutionConfigurationPlatforms) = preSolution
		Debug|Any CPU = Debug|Any CPU
		Release|Any CPU = Release|Any CPU
	EndGlobalSection
	GlobalSection(ProjectConfigurationPlatforms) = postSolution
		{F50650B7-0DDE-B19D-FF7E-8130ED5C3264}.Debug|Any CPU.ActiveCfg = Debug|Any CPU
		{F50650B7-0DDE-B19D-FF7E-8130ED5C3264}.Debug|Any CPU.Build.0 = Debug|Any CPU
		{F50650B7-0DDE-B19D-FF7E-8130ED5C3264}.Release|Any CPU.ActiveCfg = Release|Any CPU
		{F50650B7-0DDE-B19D-FF7E-8130ED5C3264}.Release|Any CPU.Build.0 = Release|Any CPU
	EndGlobalSection
	GlobalSection(SolutionProperties) = preSolution
		HideSolutionNode = FALSE
	EndGlobalSection
EndGlobal
